
Microsoft Visual Studio Solution File, Format Version 12.00
# Visual Studio Version 17
VisualStudioVersion = 17.3.32811.315
MinimumVisualStudioVersion = 10.0.40219.1
Project("{9A19103F-16F7-4668-BE54-9A1E7A4F7556}") = "DotLand.Extensions.Mapping", "src\DotLand.Extensions.Mapping\DotLand.Extensions.Mapping.csproj", "{7135A376-AF5A-4410-A0E9-CA77BA21D3CE}"
EndProject
Project("{2150E333-8FDC-42A3-9474-1A3956D46DE8}") = "src", "src", "{CEF088A8-5931-4D9F-B4DF-823CB7D6FA50}"
EndProject
Global
	GlobalSection(SolutionConfigurationPlatforms) = preSolution
		Debug|Any CPU = Debug|Any CPU
		Release|Any CPU = Release|Any CPU
	EndGlobalSection
	GlobalSection(ProjectConfigurationPlatforms) = postSolution
		{7135A376-AF5A-4410-A0E9-CA77BA21D3CE}.Debug|Any CPU.ActiveCfg = Debug|Any CPU
		{7135A376-AF5A-4410-A0E9-CA77BA21D3CE}.Debug|Any CPU.Build.0 = Debug|Any CPU
		{7135A376-AF5A-4410-A0E9-CA77BA21D3CE}.Release|Any CPU.ActiveCfg = Release|Any CPU
		{7135A376-AF5A-4410-A0E9-CA77BA21D3CE}.Release|Any CPU.Build.0 = Release|Any CPU
	EndGlobalSection
	GlobalSection(SolutionProperties) = preSolution
		HideSolutionNode = FALSE
	EndGlobalSection
	GlobalSection(NestedProjects) = preSolution
		{7135A376-AF5A-4410-A0E9-CA77BA21D3CE} = {CEF088A8-5931-4D9F-B4DF-823CB7D6FA50}
	EndGlobalSection
	GlobalSection(ExtensibilityGlobals) = postSolution
		SolutionGuid = {F38408B3-7B65-48DC-A463-5CFB4650E590}
	EndGlobalSection
EndGlobal
